{
  "nodes": {
    "cotn-docs": {
      "flake": false,
      "locked": {
        "lastModified": 1788567705,
        "narHash": "sha256-TMTrjQ/7H1se37d7zZGM+2ProbA5uuXg5AB2J6N1B/M=",
        "ref": "mainline",
        "rev": "2df18c6ed16fe5726aec9dfb9df4be7c9eb634f7",
        "revCount": 6,
        "type": "git",
        "url": "ssh://git@github.com/Ivan-Johnson/CotN-docs.git"
      },
      "original": {
        "ref": "mainline",
        "type": "git",
        "url": "ssh://git@github.com/Ivan-Johnson/CotN-docs.git"
      }
    },
    "dev-tools": {
      "inputs": {
        "nixpkgs": [
          "nixpkgs"
        ]
      },
      "locked": {
        "lastModified": 1788879128,
        "narHash": "sha256-g40dbT95uZljTXYeGsEjvA8Lz1JxVMrnD+Iuo0Vh3s8=",
        "ref": "refs/heads/mainline",
        "rev": "50a25a4348e47e4dea8b0f8b9d75d72498bc643d",
        "revCount": 2684,
        "type": "git",
        "url": "https://github.com/Ivan-Johnson/DevTools.git"
      },
      "original": {
        "ref": "refs/heads/mainline",
        "type": "git",
        "url": "https://github.com/Ivan-Johnson/DevTools.git"
      }
    },
    "nixpkgs": {
      "locked": {
        "lastModified": 1788807765,
        "narHash": "sha256-HpUcFydtAyJ4v+HhQYitv0hXM/sAld/boLdsnSRiRPs=",
        "rev": "93108a538f079596c9a16c72cf03e9322782b6dd",
        "type": "tarball",
        "url": "https://releases.nixos.org/nixos/26.05/nixos-26.05.9334.93108a538f07/nixexprs.tar.xz"
      },
      "original": {
        "id": "nixpkgs",
        "ref": "nixos-26.05",
        "type": "indirect"
      }
    },
    "root": {
      "inputs": {
        "cotn-docs": "cotn-docs",
        "dev-tools": "dev-tools",
        "nixpkgs": "nixpkgs"
      }
    }
  },
  "root": "root",
  "version": 7
}
