{
  "nodes": {
    "nixpkgs": {
      "locked": {
        "lastModified": 1787101114,
        "narHash": "sha256-BA7sSNjLDuPGSOYBGpr6WQjke1MQ8AZpJ8GlYZM/mOc=",
        "rev": "b18a4b905f8d028dc4476412e6d6891728695379",
        "type": "tarball",
        "url": "https://releases.nixos.org/nixos/26.05/nixos-26.05.8045.b18a4b905f8d/nixexprs.tar.xz"
      },
      "original": {
        "id": "nixpkgs",
        "ref": "nixos-26.05",
        "type": "indirect"
      }
    },
    "root": {
      "inputs": {
        "nixpkgs": "nixpkgs"
      }
    }
  },
  "root": "root",
  "version": 7
}
